
Microsoft Visual Studio Solution File, Format Version 12.00
# Visual Studio Version 17
VisualStudioVersion = 17.6.33815.320
MinimumVisualStudioVersion = 10.0.40219.1
Project("{FAE04EC0-301F-11D3-BF4B-00C04F79EFBC}") = "ShoppingListAPI", "ShoppingListAPI\ShoppingListAPI.csproj", "{C0005445-63E2-4E15-AF9C-C21B4B4C1346}"
EndProject
Global
	GlobalSection(SolutionConfigurationPlatforms) = preSolution
		Debug|Any CPU = Debug|Any CPU
		Release|Any CPU = Release|Any CPU
	EndGlobalSection
	GlobalSection(ProjectConfigurationPlatforms) = postSolution
		{C0005445-63E2-4E15-AF9C-C21B4B4C1346}.Debug|Any CPU.ActiveCfg = Debug|Any CPU
		{C0005445-63E2-4E15-AF9C-C21B4B4C1346}.Debug|Any CPU.Build.0 = Debug|Any CPU
		{C0005445-63E2-4E15-AF9C-C21B4B4C1346}.Release|Any CPU.ActiveCfg = Release|Any CPU
		{C0005445-63E2-4E15-AF9C-C21B4B4C1346}.Release|Any CPU.Build.0 = Release|Any CPU
	EndGlobalSection
	GlobalSection(SolutionProperties) = preSolution
		HideSolutionNode = FALSE
	EndGlobalSection
	GlobalSection(ExtensibilityGlobals) = postSolution
		SolutionGuid = {9E2AC0E3-AD78-4925-8EB3-8BFBB30F29B9}
	EndGlobalSection
EndGlobal
